- alsa-lib=1.2.15.1-r0 # https://packages.wolfi.dev/os/x86_64/alsa-lib-1.2.15.1-r0.apk
- apache2-compat=2.4.66-r0 # https://packages.wolfi.dev/os/x86_64/apache2-compat-2.4.66-r0.apk
- apache2-config-compat=2.4.66-r0 # https://packages.wolfi.dev/os/x86_64/apache2-config-compat-2.4.66-r0.apk
- apache2-config=2.4.66-r0 # https://packages.wolfi.dev/os/x86_64/apache2-config-2.4.66-r0.apk
- apache2=2.4.66-r0 # https://packages.wolfi.dev/os/x86_64/apache2-2.4.66-r0.apk
- apk-tools=2.14.10-r9 # https://packages.wolfi.dev/os/x86_64/apk-tools-2.14.10-r9.apk
- apr-util=1.6.3-r8 # https://packages.wolfi.dev/os/x86_64/apr-util-1.6.3-r8.apk
- bash=5.3-r3 # https://packages.wolfi.dev/os/x86_64/bash-5.3-r3.apk
- binutils=2.45.1-r2 # https://packages.wolfi.dev/os/x86_64/binutils-2.45.1-r2.apk
- build-base=1-r9 # https://packages.wolfi.dev/os/x86_64/build-base-1-r9.apk
- busybox=1.37.0-r50 # https://packages.wolfi.dev/os/x86_64/busybox-1.37.0-r50.apk
- bzip2=1.0.8-r21 # https://packages.wolfi.dev/os/x86_64/bzip2-1.0.8-r21.apk
- c-ares=1.34.6-r0 # https://packages.wolfi.dev/os/x86_64/c-ares-1.34.6-r0.apk
- ca-certificates-bundle=20251003-r0 # https://packages.wolfi.dev/os/x86_64/ca-certificates-bundle-20251003-r0.apk
- ca-certificates=20251003-r0 # https://packages.wolfi.dev/os/x86_64/ca-certificates-20251003-r0.apk
- caddy=2.10.2-r7 # https://packages.wolfi.dev/os/x86_64/caddy-2.10.2-r7.apk
- cassandra-5.0-compat=5.0.6-r2 # https://packages.wolfi.dev/os/x86_64/cassandra-5.0-compat-5.0.6-r2.apk
- cassandra-5.0=5.0.6-r2 # https://packages.wolfi.dev/os/x86_64/cassandra-5.0-5.0.6-r2.apk
- clickhouse-25.11=25.11.5.8-r0 # https://packages.wolfi.dev/os/x86_64/clickhouse-25.11-25.11.5.8-r0.apk
- clickhouse-compat=24.2.2.71-r0 # https://packages.wolfi.dev/os/x86_64/clickhouse-compat-24.2.2.71-r0.apk
- composer=2.9.3-r0 # https://packages.wolfi.dev/os/x86_64/composer-2.9.3-r0.apk
- corepack=0.34.5-r0 # https://packages.wolfi.dev/os/x86_64/corepack-0.34.5-r0.apk
- curl=8.17.0-r0 # https://packages.wolfi.dev/os/x86_64/curl-8.17.0-r0.apk
- cyrus-sasl=2.1.28-r45 # https://packages.wolfi.dev/os/x86_64/cyrus-sasl-2.1.28-r45.apk
- dockerize=0.9.9-r0 # https://packages.wolfi.dev/os/x86_64/dockerize-0.9.9-r0.apk
- dragonfly-oci-compat=1.35.1-r0 # https://packages.cgr.dev/extras/x86_64/dragonfly-oci-compat-1.35.1-r0.apk
- dragonfly=1.35.1-r0 # https://packages.cgr.dev/extras/x86_64/dragonfly-1.35.1-r0.apk
- dumb-init=1.2.5-r9 # https://packages.wolfi.dev/os/x86_64/dumb-init-1.2.5-r9.apk
- ecpg-18=18.1-r0 # https://packages.wolfi.dev/os/x86_64/ecpg-18-18.1-r0.apk
- execline=2.9.7.0-r51 # https://packages.wolfi.dev/os/x86_64/execline-2.9.7.0-r51.apk
- fontconfig-config=2.17.1-r1 # https://packages.wolfi.dev/os/x86_64/fontconfig-config-2.17.1-r1.apk
- freetype=2.14.1-r0 # https://packages.wolfi.dev/os/x86_64/freetype-2.14.1-r0.apk
- gcc=15.2.0-r6 # https://packages.wolfi.dev/os/x86_64/gcc-15.2.0-r6.apk
- gdbm=1.26-r1 # https://packages.wolfi.dev/os/x86_64/gdbm-1.26-r1.apk
- giflib=5.2.2-r11 # https://packages.wolfi.dev/os/x86_64/giflib-5.2.2-r11.apk
- git=2.52.0-r0 # https://packages.wolfi.dev/os/x86_64/git-2.52.0-r0.apk
- glibc-dev=2.42-r4 # https://packages.wolfi.dev/os/x86_64/glibc-dev-2.42-r4.apk
- glibc-locale-en=2.42-r4 # https://packages.wolfi.dev/os/x86_64/glibc-locale-en-2.42-r4.apk
- glibc-locale-posix=2.42-r4 # https://packages.wolfi.dev/os/x86_64/glibc-locale-posix-2.42-r4.apk
- glibc=2.42-r4 # https://packages.wolfi.dev/os/x86_64/glibc-2.42-r4.apk
- gmp=6.3.0-r8 # https://packages.wolfi.dev/os/x86_64/gmp-6.3.0-r8.apk
- gosu=1.19-r2 # https://packages.wolfi.dev/os/x86_64/gosu-1.19-r2.apk
- heimdal-libs=7.8.0-r42 # https://packages.wolfi.dev/os/x86_64/heimdal-libs-7.8.0-r42.apk
- icu78-data-full=78.1-r0 # https://packages.wolfi.dev/os/x86_64/icu78-data-full-78.1-r0.apk
- isl=0.27-r4 # https://packages.wolfi.dev/os/x86_64/isl-0.27-r4.apk
- java-cacerts=20251003-r0 # https://packages.wolfi.dev/os/x86_64/java-cacerts-20251003-r0.apk
- java-common-jre=0.2-r2 # https://packages.wolfi.dev/os/x86_64/java-common-jre-0.2-r2.apk
- jemalloc=5.3.0-r7 # https://packages.wolfi.dev/os/x86_64/jemalloc-5.3.0-r7.apk
- jitterentropy-library-dev=3.6.3-r2 # https://packages.wolfi.dev/os/x86_64/jitterentropy-library-dev-3.6.3-r2.apk
- jitterentropy-library=3.6.3-r2 # https://packages.wolfi.dev/os/x86_64/jitterentropy-library-3.6.3-r2.apk
- keycloak-26.4-compat=26.4.7-r2 # https://packages.wolfi.dev/os/x86_64/keycloak-26.4-compat-26.4.7-r2.apk
- keycloak-26.4=26.4.7-r2 # https://packages.wolfi.dev/os/x86_64/keycloak-26.4-26.4.7-r2.apk
- keyutils-libs=1.6.3-r37 # https://packages.wolfi.dev/os/x86_64/keyutils-libs-1.6.3-r37.apk
- krb5-conf=1.0-r7 # https://packages.wolfi.dev/os/x86_64/krb5-conf-1.0-r7.apk
- krb5-libs=1.22.1-r1 # https://packages.wolfi.dev/os/x86_64/krb5-libs-1.22.1-r1.apk
- lcms2=2.17-r5 # https://packages.wolfi.dev/os/x86_64/lcms2-2.17-r5.apk
- ld-linux=2.42-r4 # https://packages.wolfi.dev/os/x86_64/ld-linux-2.42-r4.apk
- libLLVM-19=19.1.7-r14 # https://packages.wolfi.dev/os/x86_64/libLLVM-19-19.1.7-r14.apk
- libaio=0.3.113-r6 # https://packages.wolfi.dev/os/x86_64/libaio-0.3.113-r6.apk
- libapr=1.7.6-r2 # https://packages.wolfi.dev/os/x86_64/libapr-1.7.6-r2.apk
- libatomic=15.2.0-r6 # https://packages.wolfi.dev/os/x86_64/libatomic-15.2.0-r6.apk
- libboost-context1.89.0=1.89.0-r2 # https://packages.wolfi.dev/os/x86_64/libboost-context1.89.0-1.89.0-r2.apk
- libbrotlicommon1=1.2.0-r1 # https://packages.wolfi.dev/os/x86_64/libbrotlicommon1-1.2.0-r1.apk
- libbrotlidec1=1.2.0-r1 # https://packages.wolfi.dev/os/x86_64/libbrotlidec1-1.2.0-r1.apk
- libbrotlienc1=1.2.0-r1 # https://packages.wolfi.dev/os/x86_64/libbrotlienc1-1.2.0-r1.apk
- libbsd=0.12.2-r3 # https://packages.wolfi.dev/os/x86_64/libbsd-0.12.2-r3.apk
- libbz2-1=1.0.8-r21 # https://packages.wolfi.dev/os/x86_64/libbz2-1-1.0.8-r21.apk
- libcap=2.77-r0 # https://packages.wolfi.dev/os/x86_64/libcap-2.77-r0.apk
- libcom_err=1.47.3-r1 # https://packages.wolfi.dev/os/x86_64/libcom_err-1.47.3-r1.apk
- libcrypt1=2.42-r4 # https://packages.wolfi.dev/os/x86_64/libcrypt1-2.42-r4.apk
- libcrypto3=3.6.0-r6 # https://packages.wolfi.dev/os/x86_64/libcrypto3-3.6.0-r6.apk
- libcurl-openssl4=8.17.0-r0 # https://packages.wolfi.dev/os/x86_64/libcurl-openssl4-8.17.0-r0.apk
- libedit=3.1-r13 # https://packages.wolfi.dev/os/x86_64/libedit-3.1-r13.apk
- libev=4.33-r9 # https://packages.wolfi.dev/os/x86_64/libev-4.33-r9.apk
- libevent=2.1.12-r8 # https://packages.wolfi.dev/os/x86_64/libevent-2.1.12-r8.apk
- libexpat1=2.7.3-r0 # https://packages.wolfi.dev/os/x86_64/libexpat1-2.7.3-r0.apk
- libffi=3.5.2-r1 # https://packages.wolfi.dev/os/x86_64/libffi-3.5.2-r1.apk
- libfido2=1.16.0-r53 # https://packages.wolfi.dev/os/x86_64/libfido2-1.16.0-r53.apk
- libfontconfig1=2.17.1-r1 # https://packages.wolfi.dev/os/x86_64/libfontconfig1-2.17.1-r1.apk
- libgcc=15.2.0-r6 # https://packages.wolfi.dev/os/x86_64/libgcc-15.2.0-r6.apk
- libgomp=15.2.0-r6 # https://packages.wolfi.dev/os/x86_64/libgomp-15.2.0-r6.apk
- libicu78=78.1-r0 # https://packages.wolfi.dev/os/x86_64/libicu78-78.1-r0.apk
- libidn2=2.3.8-r3 # https://packages.wolfi.dev/os/x86_64/libidn2-2.3.8-r3.apk
- libjemalloc2=5.3.0-r7 # https://packages.wolfi.dev/os/x86_64/libjemalloc2-5.3.0-r7.apk
- libjpeg-turbo=3.1.3-r0 # https://packages.wolfi.dev/os/x86_64/libjpeg-turbo-3.1.3-r0.apk
- libldap-2.6=2.6.10-r7 # https://packages.wolfi.dev/os/x86_64/libldap-2.6-2.6.10-r7.apk
- liblz4-1=1.10.0-r6 # https://packages.wolfi.dev/os/x86_64/liblz4-1-1.10.0-r6.apk
- libmd=1.1.0-r5 # https://packages.wolfi.dev/os/x86_64/libmd-1.1.0-r5.apk
- libnghttp2-14=1.68.0-r0 # https://packages.wolfi.dev/os/x86_64/libnghttp2-14-1.68.0-r0.apk
- libpcre2-8-0=10.47-r0 # https://packages.wolfi.dev/os/x86_64/libpcre2-8-0-10.47-r0.apk
- libpcre2-posix-3=10.47-r0 # https://packages.wolfi.dev/os/x86_64/libpcre2-posix-3-10.47-r0.apk
- libpng=1.6.53-r0 # https://packages.wolfi.dev/os/x86_64/libpng-1.6.53-r0.apk
- libpq-18=18.1-r0 # https://packages.wolfi.dev/os/x86_64/libpq-18-18.1-r0.apk
- libpsl=0.21.5-r6 # https://packages.wolfi.dev/os/x86_64/libpsl-0.21.5-r6.apk
- libquadmath=15.2.0-r6 # https://packages.wolfi.dev/os/x86_64/libquadmath-15.2.0-r6.apk
- libseccomp=2.6.0-r1 # https://packages.wolfi.dev/os/x86_64/libseccomp-2.6.0-r1.apk
- libselinux=3.9-r1 # https://packages.wolfi.dev/os/x86_64/libselinux-3.9-r1.apk
- libsepol=3.9-r1 # https://packages.wolfi.dev/os/x86_64/libsepol-3.9-r1.apk
- libsodium=1.0.20-r2 # https://packages.wolfi.dev/os/x86_64/libsodium-1.0.20-r2.apk
- libssl3=3.6.0-r6 # https://packages.wolfi.dev/os/x86_64/libssl3-3.6.0-r6.apk
- libstdc++-dev=15.2.0-r6 # https://packages.wolfi.dev/os/x86_64/libstdc++-dev-15.2.0-r6.apk
- libstdc++=15.2.0-r6 # https://packages.wolfi.dev/os/x86_64/libstdc++-15.2.0-r6.apk
- libtasn1=4.20.0-r5 # https://packages.wolfi.dev/os/x86_64/libtasn1-4.20.0-r5.apk
- libtirpc=1.3.7-r1 # https://packages.wolfi.dev/os/x86_64/libtirpc-1.3.7-r1.apk
- libudev=258.3-r0 # https://packages.wolfi.dev/os/x86_64/libudev-258.3-r0.apk
- libunistring=1.4.1-r1 # https://packages.wolfi.dev/os/x86_64/libunistring-1.4.1-r1.apk
- libunwind=1.8.3-r1 # https://packages.wolfi.dev/os/x86_64/libunwind-1.8.3-r1.apk
- liburing=2.13-r0 # https://packages.wolfi.dev/os/x86_64/liburing-2.13-r0.apk
- libuuid=2.41.3-r0 # https://packages.wolfi.dev/os/x86_64/libuuid-2.41.3-r0.apk
- libuv=1.51.0-r2 # https://packages.wolfi.dev/os/x86_64/libuv-1.51.0-r2.apk
- libverto=0.3.2-r6 # https://packages.wolfi.dev/os/x86_64/libverto-0.3.2-r6.apk
- libx11=1.8.12-r3 # https://packages.wolfi.dev/os/x86_64/libx11-1.8.12-r3.apk
- libxau=1.0.12-r3 # https://packages.wolfi.dev/os/x86_64/libxau-1.0.12-r3.apk
- libxcb=1.17.0-r8 # https://packages.wolfi.dev/os/x86_64/libxcb-1.17.0-r8.apk
- libxcrypt-dev=4.5.2-r0 # https://packages.wolfi.dev/os/x86_64/libxcrypt-dev-4.5.2-r0.apk
- libxcrypt=4.5.2-r0 # https://packages.wolfi.dev/os/x86_64/libxcrypt-4.5.2-r0.apk
- libxdmcp=1.1.5-r9 # https://packages.wolfi.dev/os/x86_64/libxdmcp-1.1.5-r9.apk
- libxext=1.3.6-r7 # https://packages.wolfi.dev/os/x86_64/libxext-1.3.6-r7.apk
- libxi=1.8.2-r4 # https://packages.wolfi.dev/os/x86_64/libxi-1.8.2-r4.apk
- libxml2-16=2.15.1-r2 # https://packages.wolfi.dev/os/x86_64/libxml2-16-2.15.1-r2.apk
- libxml2=2.15.1-r2 # https://packages.wolfi.dev/os/x86_64/libxml2-2.15.1-r2.apk
- libxrender=0.9.12-r4 # https://packages.wolfi.dev/os/x86_64/libxrender-0.9.12-r4.apk
- libxslt=1.1.45-r0 # https://packages.wolfi.dev/os/x86_64/libxslt-1.1.45-r0.apk
- libxtst=1.2.5-r4 # https://packages.wolfi.dev/os/x86_64/libxtst-1.2.5-r4.apk
- libzip=1.11.4-r1 # https://packages.wolfi.dev/os/x86_64/libzip-1.11.4-r1.apk
- libzstd1=1.5.7-r5 # https://packages.wolfi.dev/os/x86_64/libzstd1-1.5.7-r5.apk
- linux-headers=6.18.2-r0 # https://packages.wolfi.dev/os/x86_64/linux-headers-6.18.2-r0.apk
- linux-pam=1.7.1-r4 # https://packages.wolfi.dev/os/x86_64/linux-pam-1.7.1-r4.apk
- lua5.4-libs=5.4.8-r3 # https://packages.wolfi.dev/os/x86_64/lua5.4-libs-5.4.8-r3.apk
- lua5.4=5.4.8-r3 # https://packages.wolfi.dev/os/x86_64/lua5.4-5.4.8-r3.apk
- make=4.4.1-r8 # https://packages.wolfi.dev/os/x86_64/make-4.4.1-r8.apk
- mariadb-12.1-client=12.1.2-r0 # https://packages.wolfi.dev/os/x86_64/mariadb-12.1-client-12.1.2-r0.apk
- mariadb-12.1-oci-entrypoint=12.1.2-r0 # https://packages.wolfi.dev/os/x86_64/mariadb-12.1-oci-entrypoint-12.1.2-r0.apk
- mariadb-12.1=12.1.2-r0 # https://packages.wolfi.dev/os/x86_64/mariadb-12.1-12.1.2-r0.apk
- meilisearch=1.31.0-r0 # https://packages.wolfi.dev/os/x86_64/meilisearch-1.31.0-r0.apk
- memcached=1.6.40-r0 # https://packages.wolfi.dev/os/x86_64/memcached-1.6.40-r0.apk
- mpc=1.3.1-r7 # https://packages.wolfi.dev/os/x86_64/mpc-1.3.1-r7.apk
- mpdecimal=4.0.1-r3 # https://packages.wolfi.dev/os/x86_64/mpdecimal-4.0.1-r3.apk
- mpfr=4.2.2-r2 # https://packages.wolfi.dev/os/x86_64/mpfr-4.2.2-r2.apk
- mysql-9.5-client=9.5.0-r1 # https://packages.wolfi.dev/os/x86_64/mysql-9.5-client-9.5.0-r1.apk
- mysql-9.5-dev=9.5.0-r1 # https://packages.wolfi.dev/os/x86_64/mysql-9.5-dev-9.5.0-r1.apk
- mysql-9.5-oci-entrypoint-compat=9.5.0-r1 # https://packages.wolfi.dev/os/x86_64/mysql-9.5-oci-entrypoint-compat-9.5.0-r1.apk
- mysql-9.5-oci-entrypoint=9.5.0-r1 # https://packages.wolfi.dev/os/x86_64/mysql-9.5-oci-entrypoint-9.5.0-r1.apk
- mysql-9.5=9.5.0-r1 # https://packages.wolfi.dev/os/x86_64/mysql-9.5-9.5.0-r1.apk
- ncurses-terminfo-base=6.6_p20251230-r0 # https://packages.wolfi.dev/os/x86_64/ncurses-terminfo-base-6.6_p20251230-r0.apk
- ncurses=6.6_p20251230-r0 # https://packages.wolfi.dev/os/x86_64/ncurses-6.6_p20251230-r0.apk
- net-tools=2.10-r31 # https://packages.wolfi.dev/os/x86_64/net-tools-2.10-r31.apk
- netcat-openbsd=1.234-r0 # https://packages.wolfi.dev/os/x86_64/netcat-openbsd-1.234-r0.apk
- nghttp2=1.68.0-r0 # https://packages.wolfi.dev/os/x86_64/nghttp2-1.68.0-r0.apk
- nghttp3=1.14.0-r0 # https://packages.wolfi.dev/os/x86_64/nghttp3-1.14.0-r0.apk
- nginx-mainline-config=1.29.4-r0 # https://packages.wolfi.dev/os/x86_64/nginx-mainline-config-1.29.4-r0.apk
- nginx-mainline-package-config=1.29.4-r0 # https://packages.wolfi.dev/os/x86_64/nginx-mainline-package-config-1.29.4-r0.apk
- nginx-mainline=1.29.4-r0 # https://packages.wolfi.dev/os/x86_64/nginx-mainline-1.29.4-r0.apk
- nodejs-25=25.2.1-r0 # https://packages.wolfi.dev/os/x86_64/nodejs-25-25.2.1-r0.apk
- npm=11.7.0-r0 # https://packages.wolfi.dev/os/x86_64/npm-11.7.0-r0.apk
- nss-db=2.42-r4 # https://packages.wolfi.dev/os/x86_64/nss-db-2.42-r4.apk
- nss-hesiod=2.42-r4 # https://packages.wolfi.dev/os/x86_64/nss-hesiod-2.42-r4.apk
- oniguruma=6.9.10-r1 # https://packages.wolfi.dev/os/x86_64/oniguruma-6.9.10-r1.apk
- openjdk-17-default-jvm=17.0.17-r2 # https://packages.wolfi.dev/os/x86_64/openjdk-17-default-jvm-17.0.17-r2.apk
- openjdk-17-jre=17.0.17-r2 # https://packages.wolfi.dev/os/x86_64/openjdk-17-jre-17.0.17-r2.apk
- openjdk-21-default-jvm=21.0.9-r2 # https://packages.wolfi.dev/os/x86_64/openjdk-21-default-jvm-21.0.9-r2.apk
- openjdk-21-jre=21.0.9-r2 # https://packages.wolfi.dev/os/x86_64/openjdk-21-jre-21.0.9-r2.apk
- openssf-compiler-options=20250904-r2 # https://packages.wolfi.dev/os/x86_64/openssf-compiler-options-20250904-r2.apk
- openssl-dev=3.6.0-r6 # https://packages.wolfi.dev/os/x86_64/openssl-dev-3.6.0-r6.apk
- openssl=3.6.0-r6 # https://packages.wolfi.dev/os/x86_64/openssl-3.6.0-r6.apk
- p11-kit-trust=0.25.10-r0 # https://packages.wolfi.dev/os/x86_64/p11-kit-trust-0.25.10-r0.apk
- p11-kit=0.25.10-r0 # https://packages.wolfi.dev/os/x86_64/p11-kit-0.25.10-r0.apk
- percona-server-9.1-oci-entrypoint=9.1.0.1-r9 # https://packages.wolfi.dev/os/x86_64/percona-server-9.1-oci-entrypoint-9.1.0.1-r9.apk
- percona-server-9.1=9.1.0.1-r9 # https://packages.wolfi.dev/os/x86_64/percona-server-9.1-9.1.0.1-r9.apk
- perl=5.42.0-r1 # https://packages.wolfi.dev/os/x86_64/perl-5.42.0-r1.apk
- pgaudit-18=18.0-r1 # https://packages.wolfi.dev/os/x86_64/pgaudit-18-18.0-r1.apk
- php-8.5-apache=8.5.1-r0 # https://packages.wolfi.dev/os/x86_64/php-8.5-apache-8.5.1-r0.apk
- php-8.5-config=8.5.1-r0 # https://packages.wolfi.dev/os/x86_64/php-8.5-config-8.5.1-r0.apk
- php-8.5-ctype-config=8.5.1-r0 # https://packages.wolfi.dev/os/x86_64/php-8.5-ctype-config-8.5.1-r0.apk
- php-8.5-ctype=8.5.1-r0 # https://packages.wolfi.dev/os/x86_64/php-8.5-ctype-8.5.1-r0.apk
- php-8.5-curl-config=8.5.1-r0 # https://packages.wolfi.dev/os/x86_64/php-8.5-curl-config-8.5.1-r0.apk
- php-8.5-curl=8.5.1-r0 # https://packages.wolfi.dev/os/x86_64/php-8.5-curl-8.5.1-r0.apk
- php-8.5-dom-config=8.5.1-r0 # https://packages.wolfi.dev/os/x86_64/php-8.5-dom-config-8.5.1-r0.apk
- php-8.5-dom=8.5.1-r0 # https://packages.wolfi.dev/os/x86_64/php-8.5-dom-8.5.1-r0.apk
- php-8.5-fileinfo-config=8.5.1-r0 # https://packages.wolfi.dev/os/x86_64/php-8.5-fileinfo-config-8.5.1-r0.apk
- php-8.5-fileinfo=8.5.1-r0 # https://packages.wolfi.dev/os/x86_64/php-8.5-fileinfo-8.5.1-r0.apk
- php-8.5-fpm-config=8.5.1-r0 # https://packages.wolfi.dev/os/x86_64/php-8.5-fpm-config-8.5.1-r0.apk
- php-8.5-fpm=8.5.1-r0 # https://packages.wolfi.dev/os/x86_64/php-8.5-fpm-8.5.1-r0.apk
- php-8.5-iconv-config=8.5.1-r0 # https://packages.wolfi.dev/os/x86_64/php-8.5-iconv-config-8.5.1-r0.apk
- php-8.5-iconv=8.5.1-r0 # https://packages.wolfi.dev/os/x86_64/php-8.5-iconv-8.5.1-r0.apk
- php-8.5-mbstring-config=8.5.1-r0 # https://packages.wolfi.dev/os/x86_64/php-8.5-mbstring-config-8.5.1-r0.apk
- php-8.5-mbstring=8.5.1-r0 # https://packages.wolfi.dev/os/x86_64/php-8.5-mbstring-8.5.1-r0.apk
- php-8.5-mysqlnd-config=8.5.1-r0 # https://packages.wolfi.dev/os/x86_64/php-8.5-mysqlnd-config-8.5.1-r0.apk
- php-8.5-mysqlnd=8.5.1-r0 # https://packages.wolfi.dev/os/x86_64/php-8.5-mysqlnd-8.5.1-r0.apk
- php-8.5-openssl-config=8.5.1-r0 # https://packages.wolfi.dev/os/x86_64/php-8.5-openssl-config-8.5.1-r0.apk
- php-8.5-openssl=8.5.1-r0 # https://packages.wolfi.dev/os/x86_64/php-8.5-openssl-8.5.1-r0.apk
- php-8.5-pdo-config=8.5.1-r0 # https://packages.wolfi.dev/os/x86_64/php-8.5-pdo-config-8.5.1-r0.apk
- php-8.5-pdo=8.5.1-r0 # https://packages.wolfi.dev/os/x86_64/php-8.5-pdo-8.5.1-r0.apk
- php-8.5-pdo_mysql-config=8.5.1-r0 # https://packages.wolfi.dev/os/x86_64/php-8.5-pdo_mysql-config-8.5.1-r0.apk
- php-8.5-pdo_mysql=8.5.1-r0 # https://packages.wolfi.dev/os/x86_64/php-8.5-pdo_mysql-8.5.1-r0.apk
- php-8.5-pdo_sqlite-config=8.5.1-r0 # https://packages.wolfi.dev/os/x86_64/php-8.5-pdo_sqlite-config-8.5.1-r0.apk
- php-8.5-pdo_sqlite=8.5.1-r0 # https://packages.wolfi.dev/os/x86_64/php-8.5-pdo_sqlite-8.5.1-r0.apk
- php-8.5-phar-config=8.5.1-r0 # https://packages.wolfi.dev/os/x86_64/php-8.5-phar-config-8.5.1-r0.apk
- php-8.5-phar=8.5.1-r0 # https://packages.wolfi.dev/os/x86_64/php-8.5-phar-8.5.1-r0.apk
- php-8.5-simplexml-config=8.5.1-r0 # https://packages.wolfi.dev/os/x86_64/php-8.5-simplexml-config-8.5.1-r0.apk
- php-8.5-simplexml=8.5.1-r0 # https://packages.wolfi.dev/os/x86_64/php-8.5-simplexml-8.5.1-r0.apk
- php-8.5-sodium-config=8.5.1-r0 # https://packages.wolfi.dev/os/x86_64/php-8.5-sodium-config-8.5.1-r0.apk
- php-8.5-sodium=8.5.1-r0 # https://packages.wolfi.dev/os/x86_64/php-8.5-sodium-8.5.1-r0.apk
- php-8.5-xml-config=8.5.1-r0 # https://packages.wolfi.dev/os/x86_64/php-8.5-xml-config-8.5.1-r0.apk
- php-8.5-xml=8.5.1-r0 # https://packages.wolfi.dev/os/x86_64/php-8.5-xml-8.5.1-r0.apk
- php-8.5-xmlwriter-config=8.5.1-r0 # https://packages.wolfi.dev/os/x86_64/php-8.5-xmlwriter-config-8.5.1-r0.apk
- php-8.5-xmlwriter=8.5.1-r0 # https://packages.wolfi.dev/os/x86_64/php-8.5-xmlwriter-8.5.1-r0.apk
- php-8.5-zip-config=8.5.1-r0 # https://packages.wolfi.dev/os/x86_64/php-8.5-zip-config-8.5.1-r0.apk
- php-8.5-zip=8.5.1-r0 # https://packages.wolfi.dev/os/x86_64/php-8.5-zip-8.5.1-r0.apk
- php-8.5=8.5.1-r0 # https://packages.wolfi.dev/os/x86_64/php-8.5-8.5.1-r0.apk
- pkgconf=2.5.1-r1 # https://packages.wolfi.dev/os/x86_64/pkgconf-2.5.1-r1.apk
- pnpm=10.26.2-r0 # https://packages.wolfi.dev/os/x86_64/pnpm-10.26.2-r0.apk
- posix-cc-wrappers=2-r7 # https://packages.wolfi.dev/os/x86_64/posix-cc-wrappers-2-r7.apk
- posix-libc-utils=2.42-r4 # https://packages.wolfi.dev/os/x86_64/posix-libc-utils-2.42-r4.apk
- postgresql-18-base=18.1-r0 # https://packages.wolfi.dev/os/x86_64/postgresql-18-base-18.1-r0.apk
- postgresql-18-client-base=18.1-r0 # https://packages.wolfi.dev/os/x86_64/postgresql-18-client-base-18.1-r0.apk
- postgresql-18-client=18.1-r0 # https://packages.wolfi.dev/os/x86_64/postgresql-18-client-18.1-r0.apk
- postgresql-18-contrib=18.1-r0 # https://packages.wolfi.dev/os/x86_64/postgresql-18-contrib-18.1-r0.apk
- postgresql-18-oci-entrypoint-base=18.1-r0 # https://packages.wolfi.dev/os/x86_64/postgresql-18-oci-entrypoint-base-18.1-r0.apk
- postgresql-18-oci-entrypoint=18.1-r0 # https://packages.wolfi.dev/os/x86_64/postgresql-18-oci-entrypoint-18.1-r0.apk
- postgresql-18=18.1-r0 # https://packages.wolfi.dev/os/x86_64/postgresql-18-18.1-r0.apk
- pwgen=2.08-r6 # https://packages.wolfi.dev/os/x86_64/pwgen-2.08-r6.apk
- py3-pip-wheel=25.3-r3 # https://packages.wolfi.dev/os/x86_64/py3-pip-wheel-25.3-r3.apk
- py3-setuptools-wheel=80.9.0-r3 # https://packages.wolfi.dev/os/x86_64/py3-setuptools-wheel-80.9.0-r3.apk
- python-3.11-base=3.11.14-r3 # https://packages.wolfi.dev/os/x86_64/python-3.11-base-3.11.14-r3.apk
- python-3.11=3.11.14-r3 # https://packages.wolfi.dev/os/x86_64/python-3.11-3.11.14-r3.apk
- readline=8.3-r1 # https://packages.wolfi.dev/os/x86_64/readline-8.3-r1.apk
- redis-8.4=8.4.0-r0 # https://packages.cgr.dev/extras/x86_64/redis-8.4-8.4.0-r0.apk
- redis-benchmark-8.4=8.4.0-r0 # https://packages.cgr.dev/extras/x86_64/redis-benchmark-8.4-8.4.0-r0.apk
- redis-cli-8.4=8.4.0-r0 # https://packages.cgr.dev/extras/x86_64/redis-cli-8.4-8.4.0-r0.apk
- s6=2.13.2.0-r51 # https://packages.wolfi.dev/os/x86_64/s6-2.13.2.0-r51.apk
- skalibs=2.14.5.0-r0 # https://packages.wolfi.dev/os/x86_64/skalibs-2.14.5.0-r0.apk
- sqlite-libs=3.51.1-r0 # https://packages.wolfi.dev/os/x86_64/sqlite-libs-3.51.1-r0.apk
- su-exec=0.3-r0 # https://packages.wolfi.dev/os/x86_64/su-exec-0.3-r0.apk
- temporal-compat=1.5.1-r2 # https://packages.wolfi.dev/os/x86_64/temporal-compat-1.5.1-r2.apk
- temporal-docker-builds=0.0_git20251231-r0 # https://packages.wolfi.dev/os/x86_64/temporal-docker-builds-0.0_git20251231-r0.apk
- temporal-server-compat=1.29.2-r0 # https://packages.wolfi.dev/os/x86_64/temporal-server-compat-1.29.2-r0.apk
- temporal-server-oci-entrypoint=1.29.2-r0 # https://packages.wolfi.dev/os/x86_64/temporal-server-oci-entrypoint-1.29.2-r0.apk
- temporal-server=1.29.2-r0 # https://packages.wolfi.dev/os/x86_64/temporal-server-1.29.2-r0.apk
- temporal=1.5.1-r2 # https://packages.wolfi.dev/os/x86_64/temporal-1.5.1-r2.apk
- ttf-dejavu=2.37-r7 # https://packages.wolfi.dev/os/x86_64/ttf-dejavu-2.37-r7.apk
- tzdata=2025c-r0 # https://packages.wolfi.dev/os/x86_64/tzdata-2025c-r0.apk
- valkey-9.0-cli=9.0.1-r0 # https://packages.wolfi.dev/os/x86_64/valkey-9.0-cli-9.0.1-r0.apk
- valkey-9.0=9.0.1-r0 # https://packages.wolfi.dev/os/x86_64/valkey-9.0-9.0.1-r0.apk
- wget=1.25.0-r6 # https://packages.wolfi.dev/os/x86_64/wget-1.25.0-r6.apk
- wolfi-baselayout=20230201-r24 # https://packages.wolfi.dev/os/x86_64/wolfi-baselayout-20230201-r24.apk
- xz=5.8.2-r0 # https://packages.wolfi.dev/os/x86_64/xz-5.8.2-r0.apk
- yarn=1.22.22-r2 # https://packages.wolfi.dev/os/x86_64/yarn-1.22.22-r2.apk
- zlib=1.3.1-r51 # https://packages.wolfi.dev/os/x86_64/zlib-1.3.1-r51.apk
